// !$*UTF8*$!
{
	archiveVersion = 1;
	classes = {
	};
	objectVersion = 51;
	objects = {

/* Begin PBXBuildFile section */
		182EBBCF24A0B47400111463 /* Extensions.swift in Sources */ = {isa = PBXBuildFile; fileRef = 182EBBCE24A0B47400111463 /* Extensions.swift */; };
		182EBBD324A35DE400111463 /* GoogleService-Info.plist in Resources */ = {isa = PBXBuildFile; fileRef = 182EBBD224A35DE400111463 /* GoogleService-Info.plist */; };
		182EBBD524A37E2400111463 /* DatabaseManager.swift in Sources */ = {isa = PBXBuildFile; fileRef = 182EBBD424A37E2400111463 /* DatabaseManager.swift */; };
		188B779C24AB438100AFEF15 /* PingPongViewController.swift in Sources */ = {isa = PBXBuildFile; fileRef = 188B779B24AB438100AFEF15 /* PingPongViewController.swift */; };
		188B779E24AB4A3000AFEF15 /* GamesViewController.swift in Sources */ = {isa = PBXBuildFile; fileRef = 188B779D24AB4A3000AFEF15 /* GamesViewController.swift */; };
		18C27CDF249CCDE500685DED /* AppDelegate.swift in Sources */ = {isa = PBXBuildFile; fileRef = 18C27CDE249CCDE500685DED /* AppDelegate.swift */; };
		18C27CE1249CCDE500685DED /* SceneDelegate.swift in Sources */ = {isa = PBXBuildFile; fileRef = 18C27CE0249CCDE500685DED /* SceneDelegate.swift */; };
		18C27CE3249CCDE500685DED /* ConversationsViewController.swift in Sources */ = {isa = PBXBuildFile; fileRef = 18C27CE2249CCDE500685DED /* ConversationsViewController.swift */; };
		18C27CE6249CCDE500685DED /* Main.storyboard in Resources */ = {isa = PBXBuildFile; fileRef = 18C27CE4249CCDE500685DED /* Main.storyboard */; };
		18C27CE8249CCDE700685DED /* Assets.xcassets in Resources */ = {isa = PBXBuildFile; fileRef = 18C27CE7249CCDE700685DED /* Assets.xcassets */; };
		18C27CEB249CCDE700685DED /* LaunchScreen.storyboard in Resources */ = {isa = PBXBuildFile; fileRef = 18C27CE9249CCDE700685DED /* LaunchScreen.storyboard */; };
		18C27CF9249CD0AB00685DED /* LoginViewController.swift in Sources */ = {isa = PBXBuildFile; fileRef = 18C27CF8249CD0AB00685DED /* LoginViewController.swift */; };
		18C27CFB249CD0BB00685DED /* RegisterViewController.swift in Sources */ = {isa = PBXBuildFile; fileRef = 18C27CFA249CD0BB00685DED /* RegisterViewController.swift */; };
		18C27CFD249CD0D800685DED /* PhotoViewerViewController.swift in Sources */ = {isa = PBXBuildFile; fileRef = 18C27CFC249CD0D800685DED /* PhotoViewerViewController.swift */; };
		18C27CFF249CD0E400685DED /* VideoPlayerViewController.swift in Sources */ = {isa = PBXBuildFile; fileRef = 18C27CFE249CD0E400685DED /* VideoPlayerViewController.swift */; };
		18C27D01249CD10300685DED /* NewConversationViewController.swift in Sources */ = {isa = PBXBuildFile; fileRef = 18C27D00249CD10300685DED /* NewConversationViewController.swift */; };
		18C27D03249CD11300685DED /* ProfileViewController.swift in Sources */ = {isa = PBXBuildFile; fileRef = 18C27D02249CD11300685DED /* ProfileViewController.swift */; };
		5CCC01AA39A562B439405AD0 /* Pods_PraneelChat.framework in Frameworks */ = {isa = PBXBuildFile; fileRef = 059259C127BCD2839CBA45E0 /* Pods_PraneelChat.framework */; };
/* End PBXBuildFile section */

/* Begin PBXFileReference section */
		059259C127BCD2839CBA45E0 /* Pods_PraneelChat.framework */ = {isa = PBXFileReference; explicitFileType = wrapper.framework; includeInIndex = 0; path = Pods_PraneelChat.framework; sourceTree = BUILT_PRODUCTS_DIR; };
		182EBBCE24A0B47400111463 /* Extensions.swift */ = {isa = PBXFileReference; lastKnownFileType = sourcecode.swift; path = Extensions.swift; sourceTree = "<group>"; };
		182EBBD224A35DE400111463 /* GoogleService-Info.plist */ = {isa = PBXFileReference; fileEncoding = 4; lastKnownFileType = text.plist.xml; path = "GoogleService-Info.plist"; sourceTree = "<group>"; };
		182EBBD424A37E2400111463 /* DatabaseManager.swift */ = {isa = PBXFileReference; lastKnownFileType = sourcecode.swift; path = DatabaseManager.swift; sourceTree = "<group>"; };
		188B779B24AB438100AFEF15 /* PingPongViewController.swift */ = {isa = PBXFileReference; lastKnownFileType = sourcecode.swift; path = PingPongViewController.swift; sourceTree = "<group>"; };
		188B779D24AB4A3000AFEF15 /* GamesViewController.swift */ = {isa = PBXFileReference; lastKnownFileType = sourcecode.swift; path = GamesViewController.swift; sourceTree = "<group>"; };
		18C27CDB249CCDE500685DED /* PraneelChat.app */ = {isa = PBXFileReference; explicitFileType = wrapper.application; includeInIndex = 0; path = PraneelChat.app; sourceTree = BUILT_PRODUCTS_DIR; };
		18C27CDE249CCDE500685DED /* AppDelegate.swift */ = {isa = PBXFileReference; lastKnownFileType = sourcecode.swift; path = AppDelegate.swift; sourceTree = "<group>"; };
		18C27CE0249CCDE500685DED /* SceneDelegate.swift */ = {isa = PBXFileReference; lastKnownFileType = sourcecode.swift; path = SceneDelegate.swift; sourceTree = "<group>"; };
		18C27CE2249CCDE500685DED /* ConversationsViewController.swift */ = {isa = PBXFileReference; lastKnownFileType = sourcecode.swift; path = ConversationsViewController.swift; sourceTree = "<group>"; };
		18C27CE5249CCDE500685DED /* Base */ = {isa = PBXFileReference; lastKnownFileType = file.storyboard; name = Base; path = Base.lproj/Main.storyboard; sourceTree = "<group>"; };
		18C27CE7249CCDE700685DED /* Assets.xcassets */ = {isa = PBXFileReference; lastKnownFileType = folder.assetcatalog; path = Assets.xcassets; sourceTree = "<group>"; };
		18C27CEA249CCDE700685DED /* Base */ = {isa = PBXFileReference; lastKnownFileType = file.storyboard; name = Base; path = Base.lproj/LaunchScreen.storyboard; sourceTree = "<group>"; };
		18C27CEC249CCDE700685DED /* Info.plist */ = {isa = PBXFileReference; lastKnownFileType = text.plist.xml; path = Info.plist; sourceTree = "<group>"; };
		18C27CF8249CD0AB00685DED /* LoginViewController.swift */ = {isa = PBXFileReference; lastKnownFileType = sourcecode.swift; path = LoginViewController.swift; sourceTree = "<group>"; };
		18C27CFA249CD0BB00685DED /* RegisterViewController.swift */ = {isa = PBXFileReference; lastKnownFileType = sourcecode.swift; path = RegisterViewController.swift; sourceTree = "<group>"; };
		18C27CFC249CD0D800685DED /* PhotoViewerViewController.swift */ = {isa = PBXFileReference; lastKnownFileType = sourcecode.swift; path = PhotoViewerViewController.swift; sourceTree = "<group>"; };
		18C27CFE249CD0E400685DED /* VideoPlayerViewController.swift */ = {isa = PBXFileReference; lastKnownFileType = sourcecode.swift; path = VideoPlayerViewController.swift; sourceTree = "<group>"; };
		18C27D00249CD10300685DED /* NewConversationViewController.swift */ = {isa = PBXFileReference; lastKnownFileType = sourcecode.swift; path = NewConversationViewController.swift; sourceTree = "<group>"; };
		18C27D02249CD11300685DED /* ProfileViewController.swift */ = {isa = PBXFileReference; lastKnownFileType = sourcecode.swift; path = ProfileViewController.swift; sourceTree = "<group>"; };
		81A834DFC7418141B17B9491 /* Pods-PraneelChat.debug.xcconfig */ = {isa = PBXFileReference; includeInIndex = 1; lastKnownFileType = text.xcconfig; name = "Pods-PraneelChat.debug.xcconfig"; path = "Target Support Files/Pods-PraneelChat/Pods-PraneelChat.debug.xcconfig"; sourceTree = "<group>"; };
		A81A81B730C31EACAD18670E /* Pods-PraneelChat.release.xcconfig */ = {isa = PBXFileReference; includeInIndex = 1; lastKnownFileType = text.xcconfig; name = "Pods-PraneelChat.release.xcconfig"; path = "Target Support Files/Pods-PraneelChat/Pods-PraneelChat.release.xcconfig"; sourceTree = "<group>"; };
/* End PBXFileReference section */

/* Begin PBXFrameworksBuildPhase section */
		18C27CD8249CCDE500685DED /* Frameworks */ = {
			isa = PBXFrameworksBuildPhase;
			buildActionMask = 2147483647;
			files = (
				5CCC01AA39A562B439405AD0 /* Pods_PraneelChat.framework in Frameworks */,
			);
			runOnlyForDeploymentPostprocessing = 0;
		};
/* End PBXFrameworksBuildPhase section */

/* Begin PBXGroup section */
		188B779A24AB435600AFEF15 /* Games */ = {
			isa = PBXGroup;
			children = (
				188B779D24AB4A3000AFEF15 /* GamesViewController.swift */,
				188B779B24AB438100AFEF15 /* PingPongViewController.swift */,
			);
			path = Games;
			sourceTree = "<group>";
		};
		18C27CD2249CCDE500685DED = {
			isa = PBXGroup;
			children = (
				18C27CDD249CCDE500685DED /* PraneelChat */,
				18C27CDC249CCDE500685DED /* Products */,
				FD8174A680E65D00C9A0A113 /* Pods */,
				19FCACBDF2291F61DDAA578F /* Frameworks */,
			);
			sourceTree = "<group>";
		};
		18C27CDC249CCDE500685DED /* Products */ = {
			isa = PBXGroup;
			children = (
				18C27CDB249CCDE500685DED /* PraneelChat.app */,
			);
			name = Products;
			sourceTree = "<group>";
		};
		18C27CDD249CCDE500685DED /* PraneelChat */ = {
			isa = PBXGroup;
			children = (
				188B779A24AB435600AFEF15 /* Games */,
				182EBBD224A35DE400111463 /* GoogleService-Info.plist */,
				18C27CF6249CCF7800685DED /* Resources */,
				18C27CF5249CCF6C00685DED /* ViewModels */,
				18C27CF4249CCF6500685DED /* Models */,
				18C27CF3249CCF5E00685DED /* Views */,
				18C27CF2249CCF5400685DED /* Controllers */,
				18C27CEC249CCDE700685DED /* Info.plist */,
			);
			path = PraneelChat;
			sourceTree = "<group>";
		};
		18C27CF2249CCF5400685DED /* Controllers */ = {
			isa = PBXGroup;
			children = (
				18C27CE2249CCDE500685DED /* ConversationsViewController.swift */,
				18C27D04249CF85D00685DED /* Login */,
				18C27CFC249CD0D800685DED /* PhotoViewerViewController.swift */,
				18C27CFE249CD0E400685DED /* VideoPlayerViewController.swift */,
				18C27D00249CD10300685DED /* NewConversationViewController.swift */,
				18C27D02249CD11300685DED /* ProfileViewController.swift */,
			);
			path = Controllers;
			sourceTree = "<group>";
		};
		18C27CF3249CCF5E00685DED /* Views */ = {
			isa = PBXGroup;
			children = (
				18C27CF7249CCFB300685DED /* Storyboards */,
				18C27CE7249CCDE700685DED /* Assets.xcassets */,
			);
			path = Views;
			sourceTree = "<group>";
		};
		18C27CF4249CCF6500685DED /* Models */ = {
			isa = PBXGroup;
			children = (
			);
			path = Models;
			sourceTree = "<group>";
		};
		18C27CF5249CCF6C00685DED /* ViewModels */ = {
			isa = PBXGroup;
			children = (
			);
			path = ViewModels;
			sourceTree = "<group>";
		};
		18C27CF6249CCF7800685DED /* Resources */ = {
			isa = PBXGroup;
			children = (
				18C27CDE249CCDE500685DED /* AppDelegate.swift */,
				18C27CE0249CCDE500685DED /* SceneDelegate.swift */,
				182EBBCE24A0B47400111463 /* Extensions.swift */,
				182EBBD424A37E2400111463 /* DatabaseManager.swift */,
			);
			path = Resources;
			sourceTree = "<group>";
		};
		18C27CF7249CCFB300685DED /* Storyboards */ = {
			isa = PBXGroup;
			children = (
				18C27CE9249CCDE700685DED /* LaunchScreen.storyboard */,
				18C27CE4249CCDE500685DED /* Main.storyboard */,
			);
			path = Storyboards;
			sourceTree = "<group>";
		};
		18C27D04249CF85D00685DED /* Login */ = {
			isa = PBXGroup;
			children = (
				18C27CF8249CD0AB00685DED /* LoginViewController.swift */,
				18C27CFA249CD0BB00685DED /* RegisterViewController.swift */,
			);
			path = Login;
			sourceTree = "<group>";
		};
		19FCACBDF2291F61DDAA578F /* Frameworks */ = {
			isa = PBXGroup;
			children = (
				059259C127BCD2839CBA45E0 /* Pods_PraneelChat.framework */,
			);
			name = Frameworks;
			sourceTree = "<group>";
		};
		FD8174A680E65D00C9A0A113 /* Pods */ = {
			isa = PBXGroup;
			children = (
				81A834DFC7418141B17B9491 /* Pods-PraneelChat.debug.xcconfig */,
				A81A81B730C31EACAD18670E /* Pods-PraneelChat.release.xcconfig */,
			);
			path = Pods;
			sourceTree = "<group>";
		};
/* End PBXGroup section */

/* Begin PBXNativeTarget section */
		18C27CDA249CCDE500685DED /* PraneelChat */ = {
			isa = PBXNativeTarget;
			buildConfigurationList = 18C27CEF249CCDE700685DED /* Build configuration list for PBXNativeTarget "PraneelChat" */;
			buildPhases = (
				CBC5EDAA870E51080D3E7EDF /* [CP] Check Pods Manifest.lock */,
				18C27CD7249CCDE500685DED /* Sources */,
				18C27CD8249CCDE500685DED /* Frameworks */,
				18C27CD9249CCDE500685DED /* Resources */,
				92B20E893E67032B4BA1CCFE /* [CP] Embed Pods Frameworks */,
			);
			buildRules = (
			);
			dependencies = (
			);
			name = PraneelChat;
			productName = PraneelChat;
			productReference = 18C27CDB249CCDE500685DED /* PraneelChat.app */;
			productType = "com.apple.product-type.application";
		};
/* End PBXNativeTarget section */

/* Begin PBXProject section */
		18C27CD3249CCDE500685DED /* Project object */ = {
			isa = PBXProject;
			attributes = {
				LastSwiftUpdateCheck = 1150;
				LastUpgradeCheck = 1150;
				ORGANIZATIONNAME = "Praneel Agrawal";
				TargetAttributes = {
					18C27CDA249CCDE500685DED = {
						CreatedOnToolsVersion = 11.5;
					};
				};
			};
			buildConfigurationList = 18C27CD6249CCDE500685DED /* Build configuration list for PBXProject "PraneelChat" */;
			compatibilityVersion = "Xcode 9.3";
			developmentRegion = en;
			hasScannedForEncodings = 0;
			knownRegions = (
				en,
				Base,
			);
			mainGroup = 18C27CD2249CCDE500685DED;
			productRefGroup = 18C27CDC249CCDE500685DED /* Products */;
			projectDirPath = "";
			projectRoot = "";
			targets = (
				18C27CDA249CCDE500685DED /* PraneelChat */,
			);
		};
/* End PBXProject section */

/* Begin PBXResourcesBuildPhase section */
		18C27CD9249CCDE500685DED /* Resources */ = {
			isa = PBXResourcesBuildPhase;
			buildActionMask = 2147483647;
			files = (
				18C27CEB249CCDE700685DED /* LaunchScreen.storyboard in Resources */,
				182EBBD324A35DE400111463 /* GoogleService-Info.plist in Resources */,
				18C27CE8249CCDE700685DED /* Assets.xcassets in Resources */,
				18C27CE6249CCDE500685DED /* Main.storyboard in Resources */,
			);
			runOnlyForDeploymentPostprocessing = 0;
		};
/* End PBXResourcesBuildPhase section */

/* Begin PBXShellScriptBuildPhase section */
		92B20E893E67032B4BA1CCFE /* [CP] Embed Pods Frameworks */ = {
			isa = PBXShellScriptBuildPhase;
			buildActionMask = 2147483647;
			files = (
			);
			inputFileListPaths = (
				"${PODS_ROOT}/Target Support Files/Pods-PraneelChat/Pods-PraneelChat-frameworks-${CONFIGURATION}-input-files.xcfilelist",
			);
			name = "[CP] Embed Pods Frameworks";
			outputFileListPaths = (
				"${PODS_ROOT}/Target Support Files/Pods-PraneelChat/Pods-PraneelChat-frameworks-${CONFIGURATION}-output-files.xcfilelist",
			);
			runOnlyForDeploymentPostprocessing = 0;
			shellPath = /bin/sh;
			shellScript = "\"${PODS_ROOT}/Target Support Files/Pods-PraneelChat/Pods-PraneelChat-frameworks.sh\"\n";
			showEnvVarsInLog = 0;
		};
		CBC5EDAA870E51080D3E7EDF /* [CP] Check Pods Manifest.lock */ = {
			isa = PBXShellScriptBuildPhase;
			buildActionMask = 2147483647;
			files = (
			);
			inputFileListPaths = (
			);
			inputPaths = (
				"${PODS_PODFILE_DIR_PATH}/Podfile.lock",
				"${PODS_ROOT}/Manifest.lock",
			);
			name = "[CP] Check Pods Manifest.lock";
			outputFileListPaths = (
			);
			outputPaths = (
				"$(DERIVED_FILE_DIR)/Pods-PraneelChat-checkManifestLockResult.txt",
			);
			runOnlyForDeploymentPostprocessing = 0;
			shellPath = /bin/sh;
			shellScript = "diff \"${PODS_PODFILE_DIR_PATH}/Podfile.lock\" \"${PODS_ROOT}/Manifest.lock\" > /dev/null\nif [ $? != 0 ] ; then\n    # print error to STDERR\n    echo \"error: The sandbox is not in sync with the Podfile.lock. Run 'pod install' or update your CocoaPods installation.\" >&2\n    exit 1\nfi\n# This output is used by Xcode 'outputs' to avoid re-running this script phase.\necho \"SUCCESS\" > \"${SCRIPT_OUTPUT_FILE_0}\"\n";
			showEnvVarsInLog = 0;
		};
/* End PBXShellScriptBuildPhase section */

/* Begin PBXSourcesBuildPhase section */
		18C27CD7249CCDE500685DED /* Sources */ = {
			isa = PBXSourcesBuildPhase;
			buildActionMask = 2147483647;
			files = (
				18C27CF9249CD0AB00685DED /* LoginViewController.swift in Sources */,
				182EBBD524A37E2400111463 /* DatabaseManager.swift in Sources */,
				18C27CFB249CD0BB00685DED /* RegisterViewController.swift in Sources */,
				18C27D01249CD10300685DED /* NewConversationViewController.swift in Sources */,
				18C27CE3249CCDE500685DED /* ConversationsViewController.swift in Sources */,
				18C27CFF249CD0E400685DED /* VideoPlayerViewController.swift in Sources */,
				188B779C24AB438100AFEF15 /* PingPongViewController.swift in Sources */,
				182EBBCF24A0B47400111463 /* Extensions.swift in Sources */,
				18C27CDF249CCDE500685DED /* AppDelegate.swift in Sources */,
				188B779E24AB4A3000AFEF15 /* GamesViewController.swift in Sources */,
				18C27D03249CD11300685DED /* ProfileViewController.swift in Sources */,
				18C27CE1249CCDE500685DED /* SceneDelegate.swift in Sources */,
				18C27CFD249CD0D800685DED /* PhotoViewerViewController.swift in Sources */,
			);
			runOnlyForDeploymentPostprocessing = 0;
		};
/* End PBXSourcesBuildPhase section */

/* Begin PBXVariantGroup section */
		18C27CE4249CCDE500685DED /* Main.storyboard */ = {
			isa = PBXVariantGroup;
			children = (
				18C27CE5249CCDE500685DED /* Base */,
			);
			name = Main.storyboard;
			sourceTree = "<group>";
		};
		18C27CE9249CCDE700685DED /* LaunchScreen.storyboard */ = {
			isa = PBXVariantGroup;
			children = (
				18C27CEA249CCDE700685DED /* Base */,
			);
			name = LaunchScreen.storyboard;
			sourceTree = "<group>";
		};
/* End PBXVariantGroup section */

/* Begin XCBuildConfiguration section */
		18C27CED249CCDE700685DED /* Debug */ = {
			isa = XCBuildConfiguration;
			buildSettings = {
				ALWAYS_SEARCH_USER_PATHS = NO;
				CLANG_ANALYZER_NONNULL = YES;
				CLANG_ANALYZER_NUMBER_OBJECT_CONVERSION = YES_AGGRESSIVE;
				CLANG_CXX_LANGUAGE_STANDARD = "gnu++14";
				CLANG_CXX_LIBRARY = "libc++";
				CLANG_ENABLE_MODULES = YES;
				CLANG_ENABLE_OBJC_ARC = YES;
				CLANG_ENABLE_OBJC_WEAK = YES;
				CLANG_WARN_BLOCK_CAPTURE_AUTORELEASING = YES;
				CLANG_WARN_BOOL_CONVERSION = YES;
				CLANG_WARN_COMMA = YES;
				CLANG_WARN_CONSTANT_CONVERSION = YES;
				CLANG_WARN_DEPRECATED_OBJC_IMPLEMENTATIONS = YES;
				CLANG_WARN_DIRECT_OBJC_ISA_USAGE = YES_ERROR;
				CLANG_WARN_DOCUMENTATION_COMMENTS = YES;
				CLANG_WARN_EMPTY_BODY = YES;
				CLANG_WARN_ENUM_CONVERSION = YES;
				CLANG_WARN_INFINITE_RECURSION = YES;
				CLANG_WARN_INT_CONVERSION = YES;
				CLANG_WARN_NON_LITERAL_NULL_CONVERSION = YES;
				CLANG_WARN_OBJC_IMPLICIT_RETAIN_SELF = YES;
				CLANG_WARN_OBJC_LITERAL_CONVERSION = YES;
				CLANG_WARN_OBJC_ROOT_CLASS = YES_ERROR;
				CLANG_WARN_RANGE_LOOP_ANALYSIS = YES;
				CLANG_WARN_STRICT_PROTOTYPES = YES;
				CLANG_WARN_SUSPICIOUS_MOVE = YES;
				CLANG_WARN_UNGUARDED_AVAILABILITY = YES_AGGRESSIVE;
				CLANG_WARN_UNREACHABLE_CODE = YES;
				CLANG_WARN__DUPLICATE_METHOD_MATCH = YES;
				COPY_PHASE_STRIP = NO;
				DEBUG_INFORMATION_FORMAT = dwarf;
				ENABLE_STRICT_OBJC_MSGSEND = YES;
				ENABLE_TESTABILITY = YES;
				GCC_C_LANGUAGE_STANDARD = gnu11;
				GCC_DYNAMIC_NO_PIC = NO;
				GCC_NO_COMMON_BLOCKS = YES;
				GCC_OPTIMIZATION_LEVEL = 0;
				GCC_PREPROCESSOR_DEFINITIONS = (
					"DEBUG=1",
					"$(inherited)",
				);
				GCC_WARN_64_TO_32_BIT_CONVERSION = YES;
				GCC_WARN_ABOUT_RETURN_TYPE = YES_ERROR;
				GCC_WARN_UNDECLARED_SELECTOR = YES;
				GCC_WARN_UNINITIALIZED_AUTOS = YES_AGGRESSIVE;
				GCC_WARN_UNUSED_FUNCTION = YES;
				GCC_WARN_UNUSED_VARIABLE = YES;
				IPHONEOS_DEPLOYMENT_TARGET = 13.5;
				MTL_ENABLE_DEBUG_INFO = INCLUDE_SOURCE;
				MTL_FAST_MATH = YES;
				ONLY_ACTIVE_ARCH = YES;
				SDKROOT = iphoneos;
				SWIFT_ACTIVE_COMPILATION_CONDITIONS = DEBUG;
				SWIFT_OPTIMIZATION_LEVEL = "-Onone";
			};
			name = Debug;
		};
		18C27CEE249CCDE700685DED /* Release */ = {
			isa = XCBuildConfiguration;
			buildSettings = {
				ALWAYS_SEARCH_USER_PATHS = NO;
				CLANG_ANALYZER_NONNULL = YES;
				CLANG_ANALYZER_NUMBER_OBJECT_CONVERSION = YES_AGGRESSIVE;
				CLANG_CXX_LANGUAGE_STANDARD = "gnu++14";
				CLANG_CXX_LIBRARY = "libc++";
				CLANG_ENABLE_MODULES = YES;
				CLANG_ENABLE_OBJC_ARC = YES;
				CLANG_ENABLE_OBJC_WEAK = YES;
				CLANG_WARN_BLOCK_CAPTURE_AUTORELEASING = YES;
				CLANG_WARN_BOOL_CONVERSION = YES;
				CLANG_WARN_COMMA = YES;
				CLANG_WARN_CONSTANT_CONVERSION = YES;
				CLANG_WARN_DEPRECATED_OBJC_IMPLEMENTATIONS = YES;
				CLANG_WARN_DIRECT_OBJC_ISA_USAGE = YES_ERROR;
				CLANG_WARN_DOCUMENTATION_COMMENTS = YES;
				CLANG_WARN_EMPTY_BODY = YES;
				CLANG_WARN_ENUM_CONVERSION = YES;
				CLANG_WARN_INFINITE_RECURSION = YES;
				CLANG_WARN_INT_CONVERSION = YES;
				CLANG_WARN_NON_LITERAL_NULL_CONVERSION = YES;
				CLANG_WARN_OBJC_IMPLICIT_RETAIN_SELF = YES;
				CLANG_WARN_OBJC_LITERAL_CONVERSION = YES;
				CLANG_WARN_OBJC_ROOT_CLASS = YES_ERROR;
				CLANG_WARN_RANGE_LOOP_ANALYSIS = YES;
				CLANG_WARN_STRICT_PROTOTYPES = YES;
				CLANG_WARN_SUSPICIOUS_MOVE = YES;
				CLANG_WARN_UNGUARDED_AVAILABILITY = YES_AGGRESSIVE;
				CLANG_WARN_UNREACHABLE_CODE = YES;
				CLANG_WARN__DUPLICATE_METHOD_MATCH = YES;
				COPY_PHASE_STRIP = NO;
				DEBUG_INFORMATION_FORMAT = "dwarf-with-dsym";
				ENABLE_NS_ASSERTIONS = NO;
				ENABLE_STRICT_OBJC_MSGSEND = YES;
				GCC_C_LANGUAGE_STANDARD = gnu11;
				GCC_NO_COMMON_BLOCKS = YES;
				GCC_WARN_64_TO_32_BIT_CONVERSION = YES;
				GCC_WARN_ABOUT_RETURN_TYPE = YES_ERROR;
				GCC_WARN_UNDECLARED_SELECTOR = YES;
				GCC_WARN_UNINITIALIZED_AUTOS = YES_AGGRESSIVE;
				GCC_WARN_UNUSED_FUNCTION = YES;
				GCC_WARN_UNUSED_VARIABLE = YES;
				IPHONEOS_DEPLOYMENT_TARGET = 13.5;
				MTL_ENABLE_DEBUG_INFO = NO;
				MTL_FAST_MATH = YES;
				SDKROOT = iphoneos;
				SWIFT_COMPILATION_MODE = wholemodule;
				SWIFT_OPTIMIZATION_LEVEL = "-O";
				VALIDATE_PRODUCT = YES;
			};
			name = Release;
		};
		18C27CF0249CCDE700685DED /* Debug */ = {
			isa = XCBuildConfiguration;
			baseConfigurationReference = 81A834DFC7418141B17B9491 /* Pods-PraneelChat.debug.xcconfig */;
			buildSettings = {
				ASSETCATALOG_COMPILER_APPICON_NAME = AppIcon;
				CODE_SIGN_STYLE = Automatic;
				DEVELOPMENT_TEAM = GFD47429J9;
				INFOPLIST_FILE = PraneelChat/Info.plist;
				IPHONEOS_DEPLOYMENT_TARGET = 13.0;
				LD_RUNPATH_SEARCH_PATHS = (
					"$(inherited)",
					"@executable_path/Frameworks",
				);
				PRODUCT_BUNDLE_IDENTIFIER = com.praneelagrawal.PraneelChat;
				PRODUCT_NAME = "$(TARGET_NAME)";
				SWIFT_VERSION = 5.0;
				TARGETED_DEVICE_FAMILY = "1,2";
			};
			name = Debug;
		};
		18C27CF1249CCDE700685DED /* Release */ = {
			isa = XCBuildConfiguration;
			baseConfigurationReference = A81A81B730C31EACAD18670E /* Pods-PraneelChat.release.xcconfig */;
			buildSettings = {
				ASSETCATALOG_COMPILER_APPICON_NAME = AppIcon;
				CODE_SIGN_STYLE = Automatic;
				DEVELOPMENT_TEAM = GFD47429J9;
				INFOPLIST_FILE = PraneelChat/Info.plist;
				IPHONEOS_DEPLOYMENT_TARGET = 13.0;
				LD_RUNPATH_SEARCH_PATHS = (
					"$(inherited)",
					"@executable_path/Frameworks",
				);
				PRODUCT_BUNDLE_IDENTIFIER = com.praneelagrawal.PraneelChat;
				PRODUCT_NAME = "$(TARGET_NAME)";
				SWIFT_VERSION = 5.0;
				TARGETED_DEVICE_FAMILY = "1,2";
			};
			name = Release;
		};
/* End XCBuildConfiguration section */

/* Begin XCConfigurationList section */
		18C27CD6249CCDE500685DED /* Build configuration list for PBXProject "PraneelChat" */ = {
			isa = XCConfigurationList;
			buildConfigurations = (
				18C27CED249CCDE700685DED /* Debug */,
				18C27CEE249CCDE700685DED /* Release */,
			);
			defaultConfigurationIsVisible = 0;
			defaultConfigurationName = Release;
		};
		18C27CEF249CCDE700685DED /* Build configuration list for PBXNativeTarget "PraneelChat" */ = {
			isa = XCConfigurationList;
			buildConfigurations = (
				18C27CF0249CCDE700685DED /* Debug */,
				18C27CF1249CCDE700685DED /* Release */,
			);
			defaultConfigurationIsVisible = 0;
			defaultConfigurationName = Release;
		};
/* End XCConfigurationList section */
	};
	rootObject = 18C27CD3249CCDE500685DED /* Project object */;
}
